
Microsoft Visual Studio Solution File, Format Version 12.00
# Visual Studio Version 16
VisualStudioVersion = 16.0.31829.152
MinimumVisualStudioVersion = 10.0.40219.1
Project("{FAE04EC0-301F-11D3-BF4B-00C04F79EFBC}") = "TCG", "TCG\TCG.csproj", "{A6F60AD2-4129-41CC-8616-7D98D8554D71}"
EndProject
Global
	GlobalSection(SolutionConfigurationPlatforms) = preSolution
		Debug|Any CPU = Debug|Any CPU
		Release|Any CPU = Release|Any CPU
	EndGlobalSection
	GlobalSection(ProjectConfigurationPlatforms) = postSolution
		{A6F60AD2-4129-41CC-8616-7D98D8554D71}.Debug|Any CPU.ActiveCfg = Debug|Any CPU
		{A6F60AD2-4129-41CC-8616-7D98D8554D71}.Debug|Any CPU.Build.0 = Debug|Any CPU
		{A6F60AD2-4129-41CC-8616-7D98D8554D71}.Release|Any CPU.ActiveCfg = Release|Any CPU
		{A6F60AD2-4129-41CC-8616-7D98D8554D71}.Release|Any CPU.Build.0 = Release|Any CPU
	EndGlobalSection
	GlobalSection(SolutionProperties) = preSolution
		HideSolutionNode = FALSE
	EndGlobalSection
	GlobalSection(ExtensibilityGlobals) = postSolution
		SolutionGuid = {4F821973-EED4-4224-A31E-35CA6A3176C8}
	EndGlobalSection
EndGlobal
